// !$*UTF8*$!
{
	archiveVersion = 1;
	classes = {
	};
	objectVersion = 46;
	objects = {

/* Begin PBXBuildFile section */
		8EED0A6ECE0065B5F0A89925 /* libPods.a in Frameworks */ = {isa = PBXBuildFile; fileRef = 6EFE1FE4910E12B6718F1B5F /* libPods.a */; };
		E859CE511A8515DD001013C2 /* AppDelegate.swift in Sources */ = {isa = PBXBuildFile; fileRef = E859CE501A8515DD001013C2 /* AppDelegate.swift */; };
		E859CE531A8515DD001013C2 /* ViewController.swift in Sources */ = {isa = PBXBuildFile; fileRef = E859CE521A8515DD001013C2 /* ViewController.swift */; };
		E859CE561A8515DD001013C2 /* Main.storyboard in Resources */ = {isa = PBXBuildFile; fileRef = E859CE541A8515DD001013C2 /* Main.storyboard */; };
		E859CE581A8515DD001013C2 /* Images.xcassets in Resources */ = {isa = PBXBuildFile; fileRef = E859CE571A8515DD001013C2 /* Images.xcassets */; };
		E859CE5B1A8515DD001013C2 /* LaunchScreen.xib in Resources */ = {isa = PBXBuildFile; fileRef = E859CE591A8515DD001013C2 /* LaunchScreen.xib */; };
		E859CE671A8515DD001013C2 /* CroissantTests.swift in Sources */ = {isa = PBXBuildFile; fileRef = E859CE661A8515DD001013C2 /* CroissantTests.swift */; };
		E8AEC7F71A85215F000C4A52 /* MessagesViewController.swift in Sources */ = {isa = PBXBuildFile; fileRef = E8AEC7F61A85215F000C4A52 /* MessagesViewController.swift */; };
		E8AEC7FD1A8AB175000C4A52 /* Bolts.framework in Frameworks */ = {isa = PBXBuildFile; fileRef = E8AEC7F81A8AB175000C4A52 /* Bolts.framework */; };
		E8AEC7FE1A8AB175000C4A52 /* Parse.framework in Frameworks */ = {isa = PBXBuildFile; fileRef = E8AEC7F91A8AB175000C4A52 /* Parse.framework */; };
		E8AEC7FF1A8AB175000C4A52 /* ParseCrashReporting.framework in Frameworks */ = {isa = PBXBuildFile; fileRef = E8AEC7FA1A8AB175000C4A52 /* ParseCrashReporting.framework */; };
		E8AEC8001A8AB175000C4A52 /* ParseFacebookUtils.framework in Frameworks */ = {isa = PBXBuildFile; fileRef = E8AEC7FB1A8AB175000C4A52 /* ParseFacebookUtils.framework */; };
		E8AEC8011A8AB175000C4A52 /* ParseUI.framework in Frameworks */ = {isa = PBXBuildFile; fileRef = E8AEC7FC1A8AB175000C4A52 /* ParseUI.framework */; };
		E8AEC8031A8AB1DE000C4A52 /* AudioToolbox.framework in Frameworks */ = {isa = PBXBuildFile; fileRef = E8AEC8021A8AB1DE000C4A52 /* AudioToolbox.framework */; };
		E8AEC8051A8AB1E3000C4A52 /* CFNetwork.framework in Frameworks */ = {isa = PBXBuildFile; fileRef = E8AEC8041A8AB1E3000C4A52 /* CFNetwork.framework */; };
		E8AEC8071A8AB1E9000C4A52 /* CoreGraphics.framework in Frameworks */ = {isa = PBXBuildFile; fileRef = E8AEC8061A8AB1E9000C4A52 /* CoreGraphics.framework */; };
		E8AEC8091A8AB1F0000C4A52 /* MobileCoreServices.framework in Frameworks */ = {isa = PBXBuildFile; fileRef = E8AEC8081A8AB1F0000C4A52 /* MobileCoreServices.framework */; };
		E8AEC80B1A8AB1F6000C4A52 /* QuartzCore.framework in Frameworks */ = {isa = PBXBuildFile; fileRef = E8AEC80A1A8AB1F6000C4A52 /* QuartzCore.framework */; };
		E8AEC80D1A8AB1FC000C4A52 /* Security.framework in Frameworks */ = {isa = PBXBuildFile; fileRef = E8AEC80C1A8AB1FC000C4A52 /* Security.framework */; };
		E8AEC80F1A8AB204000C4A52 /* StoreKit.framework in Frameworks */ = {isa = PBXBuildFile; fileRef = E8AEC80E1A8AB204000C4A52 /* StoreKit.framework */; };
		E8AEC8111A8AB20B000C4A52 /* SystemConfiguration.framework in Frameworks */ = {isa = PBXBuildFile; fileRef = E8AEC8101A8AB20B000C4A52 /* SystemConfiguration.framework */; };
		E8AEC8131A8AB215000C4A52 /* libz.dylib in Frameworks */ = {isa = PBXBuildFile; fileRef = E8AEC8121A8AB215000C4A52 /* libz.dylib */; };
		E8AEC8151A8AB21D000C4A52 /* libsqlite3.dylib in Frameworks */ = {isa = PBXBuildFile; fileRef = E8AEC8141A8AB21D000C4A52 /* libsqlite3.dylib */; };
		E8AEC8171A8AB3A0000C4A52 /* Social.framework in Frameworks */ = {isa = PBXBuildFile; fileRef = E8AEC8161A8AB3A0000C4A52 /* Social.framework */; };
		E8AEC8191A8AB3C6000C4A52 /* Accounts.framework in Frameworks */ = {isa = PBXBuildFile; fileRef = E8AEC8181A8AB3C6000C4A52 /* Accounts.framework */; };
		E8AEC81B1A8D0D7F000C4A52 /* checkmark-64.png in Resources */ = {isa = PBXBuildFile; fileRef = E8AEC81A1A8D0D7F000C4A52 /* checkmark-64.png */; };
/* End PBXBuildFile section */

/* Begin PBXContainerItemProxy section */
		E859CE611A8515DD001013C2 /* PBXContainerItemProxy */ = {
			isa = PBXContainerItemProxy;
			containerPortal = E859CE431A8515DD001013C2 /* Project object */;
			proxyType = 1;
			remoteGlobalIDString = E859CE4A1A8515DD001013C2;
			remoteInfo = Croissant;
		};
/* End PBXContainerItemProxy section */

/* Begin PBXFileReference section */
		60952F7201ED82DE1EC1997F /* Pods.debug.xcconfig */ = {isa = PBXFileReference; includeInIndex = 1; lastKnownFileType = text.xcconfig; name = Pods.debug.xcconfig; path = "Pods/Target Support Files/Pods/Pods.debug.xcconfig"; sourceTree = "<group>"; };
		6EFE1FE4910E12B6718F1B5F /* libPods.a */ = {isa = PBXFileReference; explicitFileType = archive.ar; includeInIndex = 0; path = libPods.a; sourceTree = BUILT_PRODUCTS_DIR; };
		DC581247648D312EF62917EB /* Pods.release.xcconfig */ = {isa = PBXFileReference; includeInIndex = 1; lastKnownFileType = text.xcconfig; name = Pods.release.xcconfig; path = "Pods/Target Support Files/Pods/Pods.release.xcconfig"; sourceTree = "<group>"; };
		E859CE4B1A8515DD001013C2 /* Croissant.app */ = {isa = PBXFileReference; explicitFileType = wrapper.application; includeInIndex = 0; path = Croissant.app; sourceTree = BUILT_PRODUCTS_DIR; };
		E859CE4F1A8515DD001013C2 /* Info.plist */ = {isa = PBXFileReference; lastKnownFileType = text.plist.xml; path = Info.plist; sourceTree = "<group>"; };
		E859CE501A8515DD001013C2 /* AppDelegate.swift */ = {isa = PBXFileReference; lastKnownFileType = sourcecode.swift; path = AppDelegate.swift; sourceTree = "<group>"; };
		E859CE521A8515DD001013C2 /* ViewController.swift */ = {isa = PBXFileReference; lastKnownFileType = sourcecode.swift; path = ViewController.swift; sourceTree = "<group>"; };
		E859CE551A8515DD001013C2 /* Base */ = {isa = PBXFileReference; lastKnownFileType = file.storyboard; name = Base; path = Base.lproj/Main.storyboard; sourceTree = "<group>"; };
		E859CE571A8515DD001013C2 /* Images.xcassets */ = {isa = PBXFileReference; lastKnownFileType = folder.assetcatalog; path = Images.xcassets; sourceTree = "<group>"; };
		E859CE5A1A8515DD001013C2 /* Base */ = {isa = PBXFileReference; lastKnownFileType = file.xib; name = Base; path = Base.lproj/LaunchScreen.xib; sourceTree = "<group>"; };
		E859CE601A8515DD001013C2 /* CroissantTests.xctest */ = {isa = PBXFileReference; explicitFileType = wrapper.cfbundle; includeInIndex = 0; path = CroissantTests.xctest; sourceTree = BUILT_PRODUCTS_DIR; };
		E859CE651A8515DD001013C2 /* Info.plist */ = {isa = PBXFileReference; lastKnownFileType = text.plist.xml; path = Info.plist; sourceTree = "<group>"; };
		E859CE661A8515DD001013C2 /* CroissantTests.swift */ = {isa = PBXFileReference; lastKnownFileType = sourcecode.swift; path = CroissantTests.swift; sourceTree = "<group>"; };
		E8AEC7F51A851895000C4A52 /* croissant-bridging-header.h */ = {isa = PBXFileReference; lastKnownFileType = sourcecode.c.h; name = "croissant-bridging-header.h"; path = "../croissant-bridging-header.h"; sourceTree = "<group>"; };
		E8AEC7F61A85215F000C4A52 /* MessagesViewController.swift */ = {isa = PBXFileReference; fileEncoding = 4; lastKnownFileType = sourcecode.swift; path = MessagesViewController.swift; sourceTree = "<group>"; };
		E8AEC7F81A8AB175000C4A52 /* Bolts.framework */ = {isa = PBXFileReference; lastKnownFileType = wrapper.framework; path = Bolts.framework; sourceTree = "<group>"; };
		E8AEC7F91A8AB175000C4A52 /* Parse.framework */ = {isa = PBXFileReference; lastKnownFileType = wrapper.framework; path = Parse.framework; sourceTree = "<group>"; };
		E8AEC7FA1A8AB175000C4A52 /* ParseCrashReporting.framework */ = {isa = PBXFileReference; lastKnownFileType = wrapper.framework; path = ParseCrashReporting.framework; sourceTree = "<group>"; };
		E8AEC7FB1A8AB175000C4A52 /* ParseFacebookUtils.framework */ = {isa = PBXFileReference; lastKnownFileType = wrapper.framework; path = ParseFacebookUtils.framework; sourceTree = "<group>"; };
		E8AEC7FC1A8AB175000C4A52 /* ParseUI.framework */ = {isa = PBXFileReference; lastKnownFileType = wrapper.framework; path = ParseUI.framework; sourceTree = "<group>"; };
		E8AEC8021A8AB1DE000C4A52 /* AudioToolbox.framework */ = {isa = PBXFileReference; lastKnownFileType = wrapper.framework; name = AudioToolbox.framework; path = System/Library/Frameworks/AudioToolbox.framework; sourceTree = SDKROOT; };
		E8AEC8041A8AB1E3000C4A52 /* CFNetwork.framework */ = {isa = PBXFileReference; lastKnownFileType = wrapper.framework; name = CFNetwork.framework; path = System/Library/Frameworks/CFNetwork.framework; sourceTree = SDKROOT; };
		E8AEC8061A8AB1E9000C4A52 /* CoreGraphics.framework */ = {isa = PBXFileReference; lastKnownFileType = wrapper.framework; name = CoreGraphics.framework; path = System/Library/Frameworks/CoreGraphics.framework; sourceTree = SDKROOT; };
		E8AEC8081A8AB1F0000C4A52 /* MobileCoreServices.framework */ = {isa = PBXFileReference; lastKnownFileType = wrapper.framework; name = MobileCoreServices.framework; path = System/Library/Frameworks/MobileCoreServices.framework; sourceTree = SDKROOT; };
		E8AEC80A1A8AB1F6000C4A52 /* QuartzCore.framework */ = {isa = PBXFileReference; lastKnownFileType = wrapper.framework; name = QuartzCore.framework; path = System/Library/Frameworks/QuartzCore.framework; sourceTree = SDKROOT; };
		E8AEC80C1A8AB1FC000C4A52 /* Security.framework */ = {isa = PBXFileReference; lastKnownFileType = wrapper.framework; name = Security.framework; path = System/Library/Frameworks/Security.framework; sourceTree = SDKROOT; };
		E8AEC80E1A8AB204000C4A52 /* StoreKit.framework */ = {isa = PBXFileReference; lastKnownFileType = wrapper.framework; name = StoreKit.framework; path = System/Library/Frameworks/StoreKit.framework; sourceTree = SDKROOT; };
		E8AEC8101A8AB20B000C4A52 /* SystemConfiguration.framework */ = {isa = PBXFileReference; lastKnownFileType = wrapper.framework; name = SystemConfiguration.framework; path = System/Library/Frameworks/SystemConfiguration.framework; sourceTree = SDKROOT; };
		E8AEC8121A8AB215000C4A52 /* libz.dylib */ = {isa = PBXFileReference; lastKnownFileType = "compiled.mach-o.dylib"; name = libz.dylib; path = usr/lib/libz.dylib; sourceTree = SDKROOT; };
		E8AEC8141A8AB21D000C4A52 /* libsqlite3.dylib */ = {isa = PBXFileReference; lastKnownFileType = "compiled.mach-o.dylib"; name = libsqlite3.dylib; path = usr/lib/libsqlite3.dylib; sourceTree = SDKROOT; };
		E8AEC8161A8AB3A0000C4A52 /* Social.framework */ = {isa = PBXFileReference; lastKnownFileType = wrapper.framework; name = Social.framework; path = System/Library/Frameworks/Social.framework; sourceTree = SDKROOT; };
		E8AEC8181A8AB3C6000C4A52 /* Accounts.framework */ = {isa = PBXFileReference; lastKnownFileType = wrapper.framework; name = Accounts.framework; path = System/Library/Frameworks/Accounts.framework; sourceTree = SDKROOT; };
		E8AEC81A1A8D0D7F000C4A52 /* checkmark-64.png */ = {isa = PBXFileReference; lastKnownFileType = image.png; name = "checkmark-64.png"; path = "../../../Google Drive/Ideas/Coding and Development Test Apps/Icons for iOS/checkmark-64.png"; sourceTree = "<group>"; };
/* End PBXFileReference section */

/* Begin PBXFrameworksBuildPhase section */
		E859CE481A8515DD001013C2 /* Frameworks */ = {
			isa = PBXFrameworksBuildPhase;
			buildActionMask = 2147483647;
			files = (
				E8AEC8191A8AB3C6000C4A52 /* Accounts.framework in Frameworks */,
				E8AEC8171A8AB3A0000C4A52 /* Social.framework in Frameworks */,
				E8AEC8151A8AB21D000C4A52 /* libsqlite3.dylib in Frameworks */,
				E8AEC8131A8AB215000C4A52 /* libz.dylib in Frameworks */,
				E8AEC8111A8AB20B000C4A52 /* SystemConfiguration.framework in Frameworks */,
				E8AEC80F1A8AB204000C4A52 /* StoreKit.framework in Frameworks */,
				E8AEC80D1A8AB1FC000C4A52 /* Security.framework in Frameworks */,
				E8AEC80B1A8AB1F6000C4A52 /* QuartzCore.framework in Frameworks */,
				E8AEC8091A8AB1F0000C4A52 /* MobileCoreServices.framework in Frameworks */,
				E8AEC8071A8AB1E9000C4A52 /* CoreGraphics.framework in Frameworks */,
				E8AEC8051A8AB1E3000C4A52 /* CFNetwork.framework in Frameworks */,
				E8AEC8031A8AB1DE000C4A52 /* AudioToolbox.framework in Frameworks */,
				E8AEC8011A8AB175000C4A52 /* ParseUI.framework in Frameworks */,
				8EED0A6ECE0065B5F0A89925 /* libPods.a in Frameworks */,
				E8AEC7FE1A8AB175000C4A52 /* Parse.framework in Frameworks */,
				E8AEC7FD1A8AB175000C4A52 /* Bolts.framework in Frameworks */,
				E8AEC8001A8AB175000C4A52 /* ParseFacebookUtils.framework in Frameworks */,
				E8AEC7FF1A8AB175000C4A52 /* ParseCrashReporting.framework in Frameworks */,
			);
			runOnlyForDeploymentPostprocessing = 0;
		};
		E859CE5D1A8515DD001013C2 /* Frameworks */ = {
			isa = PBXFrameworksBuildPhase;
			buildActionMask = 2147483647;
			files = (
			);
			runOnlyForDeploymentPostprocessing = 0;
		};
/* End PBXFrameworksBuildPhase section */

/* Begin PBXGroup section */
		5D6155363C07CBF12D96AEE6 /* Pods */ = {
			isa = PBXGroup;
			children = (
				60952F7201ED82DE1EC1997F /* Pods.debug.xcconfig */,
				DC581247648D312EF62917EB /* Pods.release.xcconfig */,
			);
			name = Pods;
			sourceTree = "<group>";
		};
		91255B31FF067D8F9F234B7E /* Frameworks */ = {
			isa = PBXGroup;
			children = (
				E8AEC8181A8AB3C6000C4A52 /* Accounts.framework */,
				E8AEC8161A8AB3A0000C4A52 /* Social.framework */,
				E8AEC8141A8AB21D000C4A52 /* libsqlite3.dylib */,
				E8AEC8121A8AB215000C4A52 /* libz.dylib */,
				E8AEC8101A8AB20B000C4A52 /* SystemConfiguration.framework */,
				E8AEC80E1A8AB204000C4A52 /* StoreKit.framework */,
				E8AEC80C1A8AB1FC000C4A52 /* Security.framework */,
				E8AEC80A1A8AB1F6000C4A52 /* QuartzCore.framework */,
				E8AEC8081A8AB1F0000C4A52 /* MobileCoreServices.framework */,
				E8AEC8061A8AB1E9000C4A52 /* CoreGraphics.framework */,
				E8AEC8041A8AB1E3000C4A52 /* CFNetwork.framework */,
				E8AEC8021A8AB1DE000C4A52 /* AudioToolbox.framework */,
				E8AEC7F81A8AB175000C4A52 /* Bolts.framework */,
				E8AEC7F91A8AB175000C4A52 /* Parse.framework */,
				E8AEC7FA1A8AB175000C4A52 /* ParseCrashReporting.framework */,
				E8AEC7FB1A8AB175000C4A52 /* ParseFacebookUtils.framework */,
				E8AEC7FC1A8AB175000C4A52 /* ParseUI.framework */,
				6EFE1FE4910E12B6718F1B5F /* libPods.a */,
			);
			name = Frameworks;
			sourceTree = "<group>";
		};
		E859CE421A8515DD001013C2 = {
			isa = PBXGroup;
			children = (
				E859CE4D1A8515DD001013C2 /* Croissant */,
				E859CE631A8515DD001013C2 /* CroissantTests */,
				E859CE4C1A8515DD001013C2 /* Products */,
				5D6155363C07CBF12D96AEE6 /* Pods */,
				91255B31FF067D8F9F234B7E /* Frameworks */,
			);
			sourceTree = "<group>";
		};
		E859CE4C1A8515DD001013C2 /* Products */ = {
			isa = PBXGroup;
			children = (
				E859CE4B1A8515DD001013C2 /* Croissant.app */,
				E859CE601A8515DD001013C2 /* CroissantTests.xctest */,
			);
			name = Products;
			sourceTree = "<group>";
		};
		E859CE4D1A8515DD001013C2 /* Croissant */ = {
			isa = PBXGroup;
			children = (
				E859CE501A8515DD001013C2 /* AppDelegate.swift */,
				E859CE521A8515DD001013C2 /* ViewController.swift */,
				E8AEC7F61A85215F000C4A52 /* MessagesViewController.swift */,
				E859CE541A8515DD001013C2 /* Main.storyboard */,
				E859CE571A8515DD001013C2 /* Images.xcassets */,
				E859CE591A8515DD001013C2 /* LaunchScreen.xib */,
				E859CE4E1A8515DD001013C2 /* Supporting Files */,
			);
			path = Croissant;
			sourceTree = "<group>";
		};
		E859CE4E1A8515DD001013C2 /* Supporting Files */ = {
			isa = PBXGroup;
			children = (
				E8AEC81A1A8D0D7F000C4A52 /* checkmark-64.png */,
				E8AEC7F51A851895000C4A52 /* croissant-bridging-header.h */,
				E859CE4F1A8515DD001013C2 /* Info.plist */,
			);
			name = "Supporting Files";
			sourceTree = "<group>";
		};
		E859CE631A8515DD001013C2 /* CroissantTests */ = {
			isa = PBXGroup;
			children = (
				E859CE661A8515DD001013C2 /* CroissantTests.swift */,
				E859CE641A8515DD001013C2 /* Supporting Files */,
			);
			path = CroissantTests;
			sourceTree = "<group>";
		};
		E859CE641A8515DD001013C2 /* Supporting Files */ = {
			isa = PBXGroup;
			children = (
				E859CE651A8515DD001013C2 /* Info.plist */,
			);
			name = "Supporting Files";
			sourceTree = "<group>";
		};
/* End PBXGroup section */

/* Begin PBXNativeTarget section */
		E859CE4A1A8515DD001013C2 /* Croissant */ = {
			isa = PBXNativeTarget;
			buildConfigurationList = E859CE6A1A8515DD001013C2 /* Build configuration list for PBXNativeTarget "Croissant" */;
			buildPhases = (
				12A6F15F7A5AEC9A495424D1 /* Check Pods Manifest.lock */,
				E859CE471A8515DD001013C2 /* Sources */,
				E859CE481A8515DD001013C2 /* Frameworks */,
				E859CE491A8515DD001013C2 /* Resources */,
				B470B3E20D8355575980F8A0 /* Copy Pods Resources */,
			);
			buildRules = (
			);
			dependencies = (
			);
			name = Croissant;
			productName = Croissant;
			productReference = E859CE4B1A8515DD001013C2 /* Croissant.app */;
			productType = "com.apple.product-type.application";
		};
		E859CE5F1A8515DD001013C2 /* CroissantTests */ = {
			isa = PBXNativeTarget;
			buildConfigurationList = E859CE6D1A8515DD001013C2 /* Build configuration list for PBXNativeTarget "CroissantTests" */;
			buildPhases = (
				E859CE5C1A8515DD001013C2 /* Sources */,
				E859CE5D1A8515DD001013C2 /* Frameworks */,
				E859CE5E1A8515DD001013C2 /* Resources */,
			);
			buildRules = (
			);
			dependencies = (
				E859CE621A8515DD001013C2 /* PBXTargetDependency */,
			);
			name = CroissantTests;
			productName = CroissantTests;
			productReference = E859CE601A8515DD001013C2 /* CroissantTests.xctest */;
			productType = "com.apple.product-type.bundle.unit-test";
		};
/* End PBXNativeTarget section */

/* Begin PBXProject section */
		E859CE431A8515DD001013C2 /* Project object */ = {
			isa = PBXProject;
			attributes = {
				LastUpgradeCheck = 0610;
				ORGANIZATIONNAME = "Daryl Lu";
				TargetAttributes = {
					E859CE4A1A8515DD001013C2 = {
						CreatedOnToolsVersion = 6.1.1;
					};
					E859CE5F1A8515DD001013C2 = {
						CreatedOnToolsVersion = 6.1.1;
						TestTargetID = E859CE4A1A8515DD001013C2;
					};
				};
			};
			buildConfigurationList = E859CE461A8515DD001013C2 /* Build configuration list for PBXProject "Croissant" */;
			compatibilityVersion = "Xcode 3.2";
			developmentRegion = English;
			hasScannedForEncodings = 0;
			knownRegions = (
				en,
				Base,
			);
			mainGroup = E859CE421A8515DD001013C2;
			productRefGroup = E859CE4C1A8515DD001013C2 /* Products */;
			projectDirPath = "";
			projectRoot = "";
			targets = (
				E859CE4A1A8515DD001013C2 /* Croissant */,
				E859CE5F1A8515DD001013C2 /* CroissantTests */,
			);
		};
/* End PBXProject section */

/* Begin PBXResourcesBuildPhase section */
		E859CE491A8515DD001013C2 /* Resources */ = {
			isa = PBXResourcesBuildPhase;
			buildActionMask = 2147483647;
			files = (
				E859CE561A8515DD001013C2 /* Main.storyboard in Resources */,
				E859CE5B1A8515DD001013C2 /* LaunchScreen.xib in Resources */,
				E859CE581A8515DD001013C2 /* Images.xcassets in Resources */,
				E8AEC81B1A8D0D7F000C4A52 /* checkmark-64.png in Resources */,
			);
			runOnlyForDeploymentPostprocessing = 0;
		};
		E859CE5E1A8515DD001013C2 /* Resources */ = {
			isa = PBXResourcesBuildPhase;
			buildActionMask = 2147483647;
			files = (
			);
			runOnlyForDeploymentPostprocessing = 0;
		};
/* End PBXResourcesBuildPhase section */

/* Begin PBXShellScriptBuildPhase section */
		12A6F15F7A5AEC9A495424D1 /* Check Pods Manifest.lock */ = {
			isa = PBXShellScriptBuildPhase;
			buildActionMask = 2147483647;
			files = (
			);
			inputPaths = (
			);
			name = "Check Pods Manifest.lock";
			outputPaths = (
			);
			runOnlyForDeploymentPostprocessing = 0;
			shellPath = /bin/sh;
			shellScript = "diff \"${PODS_ROOT}/../Podfile.lock\" \"${PODS_ROOT}/Manifest.lock\" > /dev/null\nif [[ $? != 0 ]] ; then\n    cat << EOM\nerror: The sandbox is not in sync with the Podfile.lock. Run 'pod install' or update your CocoaPods installation.\nEOM\n    exit 1\nfi\n";
			showEnvVarsInLog = 0;
		};
		B470B3E20D8355575980F8A0 /* Copy Pods Resources */ = {
			isa = PBXShellScriptBuildPhase;
			buildActionMask = 2147483647;
			files = (
			);
			inputPaths = (
			);
			name = "Copy Pods Resources";
			outputPaths = (
			);
			runOnlyForDeploymentPostprocessing = 0;
			shellPath = /bin/sh;
			shellScript = "\"${SRCROOT}/Pods/Target Support Files/Pods/Pods-resources.sh\"\n";
			showEnvVarsInLog = 0;
		};
/* End PBXShellScriptBuildPhase section */

/* Begin PBXSourcesBuildPhase section */
		E859CE471A8515DD001013C2 /* Sources */ = {
			isa = PBXSourcesBuildPhase;
			buildActionMask = 2147483647;
			files = (
				E8AEC7F71A85215F000C4A52 /* MessagesViewController.swift in Sources */,
				E859CE531A8515DD001013C2 /* ViewController.swift in Sources */,
				E859CE511A8515DD001013C2 /* AppDelegate.swift in Sources */,
			);
			runOnlyForDeploymentPostprocessing = 0;
		};
		E859CE5C1A8515DD001013C2 /* Sources */ = {
			isa = PBXSourcesBuildPhase;
			buildActionMask = 2147483647;
			files = (
				E859CE671A8515DD001013C2 /* CroissantTests.swift in Sources */,
			);
			runOnlyForDeploymentPostprocessing = 0;
		};
/* End PBXSourcesBuildPhase section */

/* Begin PBXTargetDependency section */
		E859CE621A8515DD001013C2 /* PBXTargetDependency */ = {
			isa = PBXTargetDependency;
			target = E859CE4A1A8515DD001013C2 /* Croissant */;
			targetProxy = E859CE611A8515DD001013C2 /* PBXContainerItemProxy */;
		};
/* End PBXTargetDependency section */

/* Begin PBXVariantGroup section */
		E859CE541A8515DD001013C2 /* Main.storyboard */ = {
			isa = PBXVariantGroup;
			children = (
				E859CE551A8515DD001013C2 /* Base */,
			);
			name = Main.storyboard;
			sourceTree = "<group>";
		};
		E859CE591A8515DD001013C2 /* LaunchScreen.xib */ = {
			isa = PBXVariantGroup;
			children = (
				E859CE5A1A8515DD001013C2 /* Base */,
			);
			name = LaunchScreen.xib;
			sourceTree = "<group>";
		};
/* End PBXVariantGroup section */

/* Begin XCBuildConfiguration section */
		E859CE681A8515DD001013C2 /* Debug */ = {
			isa = XCBuildConfiguration;
			buildSettings = {
				ALWAYS_SEARCH_USER_PATHS = NO;
				CLANG_CXX_LANGUAGE_STANDARD = "gnu++0x";
				CLANG_CXX_LIBRARY = "libc++";
				CLANG_ENABLE_MODULES = YES;
				CLANG_ENABLE_OBJC_ARC = YES;
				CLANG_WARN_BOOL_CONVERSION = YES;
				CLANG_WARN_CONSTANT_CONVERSION = YES;
				CLANG_WARN_DIRECT_OBJC_ISA_USAGE = YES_ERROR;
				CLANG_WARN_EMPTY_BODY = YES;
				CLANG_WARN_ENUM_CONVERSION = YES;
				CLANG_WARN_INT_CONVERSION = YES;
				CLANG_WARN_OBJC_ROOT_CLASS = YES_ERROR;
				CLANG_WARN_UNREACHABLE_CODE = YES;
				CLANG_WARN__DUPLICATE_METHOD_MATCH = YES;
				"CODE_SIGN_IDENTITY[sdk=iphoneos*]" = "iPhone Developer";
				COPY_PHASE_STRIP = NO;
				ENABLE_STRICT_OBJC_MSGSEND = YES;
				GCC_C_LANGUAGE_STANDARD = gnu99;
				GCC_DYNAMIC_NO_PIC = NO;
				GCC_OPTIMIZATION_LEVEL = 0;
				GCC_PREPROCESSOR_DEFINITIONS = (
					"DEBUG=1",
					"$(inherited)",
				);
				GCC_SYMBOLS_PRIVATE_EXTERN = NO;
				GCC_WARN_64_TO_32_BIT_CONVERSION = YES;
				GCC_WARN_ABOUT_RETURN_TYPE = YES_ERROR;
				GCC_WARN_UNDECLARED_SELECTOR = YES;
				GCC_WARN_UNINITIALIZED_AUTOS = YES_AGGRESSIVE;
				GCC_WARN_UNUSED_FUNCTION = YES;
				GCC_WARN_UNUSED_VARIABLE = YES;
				IPHONEOS_DEPLOYMENT_TARGET = 8.1;
				MTL_ENABLE_DEBUG_INFO = YES;
				ONLY_ACTIVE_ARCH = YES;
				SDKROOT = iphoneos;
				SWIFT_OPTIMIZATION_LEVEL = "-Onone";
			};
			name = Debug;
		};
		E859CE691A8515DD001013C2 /* Release */ = {
			isa = XCBuildConfiguration;
			buildSettings = {
				ALWAYS_SEARCH_USER_PATHS = NO;
				CLANG_CXX_LANGUAGE_STANDARD = "gnu++0x";
				CLANG_CXX_LIBRARY = "libc++";
				CLANG_ENABLE_MODULES = YES;
				CLANG_ENABLE_OBJC_ARC = YES;
				CLANG_WARN_BOOL_CONVERSION = YES;
				CLANG_WARN_CONSTANT_CONVERSION = YES;
				CLANG_WARN_DIRECT_OBJC_ISA_USAGE = YES_ERROR;
				CLANG_WARN_EMPTY_BODY = YES;
				CLANG_WARN_ENUM_CONVERSION = YES;
				CLANG_WARN_INT_CONVERSION = YES;
				CLANG_WARN_OBJC_ROOT_CLASS = YES_ERROR;
				CLANG_WARN_UNREACHABLE_CODE = YES;
				CLANG_WARN__DUPLICATE_METHOD_MATCH = YES;
				"CODE_SIGN_IDENTITY[sdk=iphoneos*]" = "iPhone Developer";
				COPY_PHASE_STRIP = YES;
				ENABLE_NS_ASSERTIONS = NO;
				ENABLE_STRICT_OBJC_MSGSEND = YES;
				GCC_C_LANGUAGE_STANDARD = gnu99;
				GCC_WARN_64_TO_32_BIT_CONVERSION = YES;
				GCC_WARN_ABOUT_RETURN_TYPE = YES_ERROR;
				GCC_WARN_UNDECLARED_SELECTOR = YES;
				GCC_WARN_UNINITIALIZED_AUTOS = YES_AGGRESSIVE;
				GCC_WARN_UNUSED_FUNCTION = YES;
				GCC_WARN_UNUSED_VARIABLE = YES;
				IPHONEOS_DEPLOYMENT_TARGET = 8.1;
				MTL_ENABLE_DEBUG_INFO = NO;
				SDKROOT = iphoneos;
				VALIDATE_PRODUCT = YES;
			};
			name = Release;
		};
		E859CE6B1A8515DD001013C2 /* Debug */ = {
			isa = XCBuildConfiguration;
			baseConfigurationReference = 60952F7201ED82DE1EC1997F /* Pods.debug.xcconfig */;
			buildSettings = {
				ASSETCATALOG_COMPILER_APPICON_NAME = AppIcon;
				FRAMEWORK_SEARCH_PATHS = (
					"$(inherited)",
					"$(PROJECT_DIR)",
				);
				INFOPLIST_FILE = Croissant/Info.plist;
				LD_RUNPATH_SEARCH_PATHS = "$(inherited) @executable_path/Frameworks";
				OTHER_LDFLAGS = (
					"-l\"Pods-JSQMessagesViewController\"",
					"-l\"Pods-JSQSystemSoundPlayer\"",
					"-framework",
					"\"AudioToolbox\"",
					"-framework",
					"\"Foundation\"",
					"-framework",
					"\"QuartzCore\"",
					"-framework",
					"\"UIKit\"",
				);
				PRODUCT_NAME = "$(TARGET_NAME)";
				SWIFT_OBJC_BRIDGING_HEADER = "croissant-bridging-header.h";
			};
			name = Debug;
		};
		E859CE6C1A8515DD001013C2 /* Release */ = {
			isa = XCBuildConfiguration;
			baseConfigurationReference = DC581247648D312EF62917EB /* Pods.release.xcconfig */;
			buildSettings = {
				ASSETCATALOG_COMPILER_APPICON_NAME = AppIcon;
				FRAMEWORK_SEARCH_PATHS = (
					"$(inherited)",
					"$(PROJECT_DIR)",
				);
				INFOPLIST_FILE = Croissant/Info.plist;
				LD_RUNPATH_SEARCH_PATHS = "$(inherited) @executable_path/Frameworks";
				OTHER_LDFLAGS = (
					"-l\"Pods-JSQMessagesViewController\"",
					"-l\"Pods-JSQSystemSoundPlayer\"",
					"-framework",
					"\"AudioToolbox\"",
					"-framework",
					"\"Foundation\"",
					"-framework",
					"\"QuartzCore\"",
					"-framework",
					"\"UIKit\"",
				);
				PRODUCT_NAME = "$(TARGET_NAME)";
				SWIFT_OBJC_BRIDGING_HEADER = "croissant-bridging-header.h";
			};
			name = Release;
		};
		E859CE6E1A8515DD001013C2 /* Debug */ = {
			isa = XCBuildConfiguration;
			buildSettings = {
				BUNDLE_LOADER = "$(TEST_HOST)";
				FRAMEWORK_SEARCH_PATHS = (
					"$(SDKROOT)/Developer/Library/Frameworks",
					"$(inherited)",
				);
				GCC_PREPROCESSOR_DEFINITIONS = (
					"DEBUG=1",
					"$(inherited)",
				);
				INFOPLIST_FILE = CroissantTests/Info.plist;
				LD_RUNPATH_SEARCH_PATHS = "$(inherited) @executable_path/Frameworks @loader_path/Frameworks";
				PRODUCT_NAME = "$(TARGET_NAME)";
				TEST_HOST = "$(BUILT_PRODUCTS_DIR)/Croissant.app/Croissant";
			};
			name = Debug;
		};
		E859CE6F1A8515DD001013C2 /* Release */ = {
			isa = XCBuildConfiguration;
			buildSettings = {
				BUNDLE_LOADER = "$(TEST_HOST)";
				FRAMEWORK_SEARCH_PATHS = (
					"$(SDKROOT)/Developer/Library/Frameworks",
					"$(inherited)",
				);
				INFOPLIST_FILE = CroissantTests/Info.plist;
				LD_RUNPATH_SEARCH_PATHS = "$(inherited) @executable_path/Frameworks @loader_path/Frameworks";
				PRODUCT_NAME = "$(TARGET_NAME)";
				TEST_HOST = "$(BUILT_PRODUCTS_DIR)/Croissant.app/Croissant";
			};
			name = Release;
		};
/* End XCBuildConfiguration section */

/* Begin XCConfigurationList section */
		E859CE461A8515DD001013C2 /* Build configuration list for PBXProject "Croissant" */ = {
			isa = XCConfigurationList;
			buildConfigurations = (
				E859CE681A8515DD001013C2 /* Debug */,
				E859CE691A8515DD001013C2 /* Release */,
			);
			defaultConfigurationIsVisible = 0;
			defaultConfigurationName = Release;
		};
		E859CE6A1A8515DD001013C2 /* Build configuration list for PBXNativeTarget "Croissant" */ = {
			isa = XCConfigurationList;
			buildConfigurations = (
				E859CE6B1A8515DD001013C2 /* Debug */,
				E859CE6C1A8515DD001013C2 /* Release */,
			);
			defaultConfigurationIsVisible = 0;
			defaultConfigurationName = Release;
		};
		E859CE6D1A8515DD001013C2 /* Build configuration list for PBXNativeTarget "CroissantTests" */ = {
			isa = XCConfigurationList;
			buildConfigurations = (
				E859CE6E1A8515DD001013C2 /* Debug */,
				E859CE6F1A8515DD001013C2 /* Release */,
			);
			defaultConfigurationIsVisible = 0;
			defaultConfigurationName = Release;
		};
/* End XCConfigurationList section */
	};
	rootObject = E859CE431A8515DD001013C2 /* Project object */;
}
